{
  "requires": true,
  "lockfileVersion": 1,
  "dependencies": {
    "@filecoin-shipyard/lotus-client-provider-browser": {
      "version": "0.0.14",
      "resolved": "https://registry.npmjs.org/@filecoin-shipyard/lotus-client-provider-browser/-/lotus-client-provider-browser-0.0.14.tgz",
      "integrity": "sha512-rFH2aUA65fa9C+3d8JoKxL/UGYPbEqIjhJ9ZMJS50aKFELMA1FJ/l10Tpgkx0p6KrdygfIytHneITvpgcumR4g=="
    },
    "@filecoin-shipyard/lotus-client-provider-nodejs": {
      "version": "0.0.5",
      "resolved": "https://registry.npmjs.org/@filecoin-shipyard/lotus-client-provider-nodejs/-/lotus-client-provider-nodejs-0.0.5.tgz",
      "integrity": "sha512-alYbMEYr5M/U/n97eWSWvIi79pZBFhUdS+NEJSpVUhZBzR1iIKKSr0MxL0zXdMTFV5C/UbVKNJy72JaSAvS9oA==",
      "requires": {
        "@filecoin-shipyard/lotus-client-provider-browser": "^0.0.14",
        "node-fetch": "^2.6.0",
        "ws": "^7.3.0"
      }
    },
    "@filecoin-shipyard/lotus-client-rpc": {
      "version": "0.0.11",
      "resolved": "https://registry.npmjs.org/@filecoin-shipyard/lotus-client-rpc/-/lotus-client-rpc-0.0.11.tgz",
      "integrity": "sha512-7ZgT7tyB+5fp5mC9yC4Da9vj3M8PiVPNuxFkFAaDRu8blDuKg/tNh4OMZr5pqs/uuwjRZuXslGl8dOb2Iz+rZg=="
    },
    "@filecoin-shipyard/lotus-client-schema": {
      "version": "0.0.12",
      "resolved": "https://registry.npmjs.org/@filecoin-shipyard/lotus-client-schema/-/lotus-client-schema-0.0.12.tgz",
      "integrity": "sha512-wwqarwcUtqpy1pKq4o0jWM5ppbYxsnMZ5uQZ+WJ8dJmNiJuVTz6GjCtWNaCa+4kw2GgfkItj2BIjzweL7/5QNA=="
    },
    "base-x": {
      "version": "3.0.8",
      "resolved": "https://registry.npmjs.org/base-x/-/base-x-3.0.8.tgz",
      "integrity": "sha512-Rl/1AWP4J/zRrk54hhlxH4drNxPJXYUaKffODVI53/dAsV4t9fBxyxYKAVPU1XBHxYwOWP9h9H0hM2MVw4YfJA==",
      "requires": {
        "safe-buffer": "^5.0.1"
      }
    },
    "base64-js": {
      "version": "1.3.1",
      "resolved": "https://registry.npmjs.org/base64-js/-/base64-js-1.3.1.tgz",
      "integrity": "sha512-mLQ4i2QO1ytvGWFWmcngKO//JXAQueZvwEKtjgQFM4jIK0kU+ytMfplL8j+n5mspOfjHwoAg+9yhb7BwAHm36g=="
    },
    "blakejs": {
      "version": "1.1.0",
      "resolved": "https://registry.npmjs.org/blakejs/-/blakejs-1.1.0.tgz",
      "integrity": "sha1-ad+S75U6qIylGjLfarHFShVfx6U="
    },
    "buffer": {
      "version": "5.6.0",
      "resolved": "https://registry.npmjs.org/buffer/-/buffer-5.6.0.tgz",
      "integrity": "sha512-/gDYp/UtU0eA1ys8bOs9J6a+E/KWIY+DZ+Q2WESNUA0jFRsJOc0SNUO6xJ5SGA1xueg3NL65W6s+NY5l9cunuw==",
      "requires": {
        "base64-js": "^1.0.2",
        "ieee754": "^1.1.4"
      }
    },
    "cids": {
      "version": "0.8.3",
      "resolved": "https://registry.npmjs.org/cids/-/cids-0.8.3.tgz",
      "integrity": "sha512-yoXTbV3llpm+EBGWKeL9xKtksPE/s6DPoDSY4fn8I8TEW1zehWXPSB0pwAXVDlLaOlrw+sNynj995uD9abmPhA==",
      "requires": {
        "buffer": "^5.6.0",
        "class-is": "^1.1.0",
        "multibase": "^1.0.0",
        "multicodec": "^1.0.1",
        "multihashes": "^1.0.1"
      }
    },
    "class-is": {
      "version": "1.1.0",
      "resolved": "https://registry.npmjs.org/class-is/-/class-is-1.1.0.tgz",
      "integrity": "sha512-rhjH9AG1fvabIDoGRVH587413LPjTZgmDF9fOFCbFJQV4yuocX1mHxxvXI4g3cGwbVY9wAYIoKlg1N79frJKQw=="
    },
    "ieee754": {
      "version": "1.1.13",
      "resolved": "https://registry.npmjs.org/ieee754/-/ieee754-1.1.13.tgz",
      "integrity": "sha512-4vf7I2LYV/HaWerSo3XmlMkp5eZ83i+/CDluXi/IGTs/O1sejBNhTtnxzmRZfvOUqj7lZjqHkeTvpgSFDlWZTg=="
    },
    "multibase": {
      "version": "1.0.1",
      "resolved": "https://registry.npmjs.org/multibase/-/multibase-1.0.1.tgz",
      "integrity": "sha512-KcCxpBVY8fdVKu4dJMAahq4F/2Z/9xqEjIiR7PiMe7LRGeorFn2NLmicN6nLBCqQvft6MG2Lc9X5P0IdyvnxEw==",
      "requires": {
        "base-x": "^3.0.8",
        "buffer": "^5.5.0"
      }
    },
    "multicodec": {
      "version": "1.0.3",
      "resolved": "https://registry.npmjs.org/multicodec/-/multicodec-1.0.3.tgz",
      "integrity": "sha512-8G4JKbHWSe/39Xx2uiI+/b/S6mGgimzwEN4TOCokFUIfofg1T8eHny88ht9eWImD2dng+EEQRsApXxA5ubhU4g==",
      "requires": {
        "buffer": "^5.6.0",
        "varint": "^5.0.0"
      }
    },
    "multihashes": {
      "version": "1.0.1",
      "resolved": "https://registry.npmjs.org/multihashes/-/multihashes-1.0.1.tgz",
      "integrity": "sha512-S27Tepg4i8atNiFaU5ZOm3+gl3KQlUanLs/jWcBxQHFttgq+5x1OgbQmf2d8axJ/48zYGBd/wT9d723USMFduw==",
      "requires": {
        "buffer": "^5.6.0",
        "multibase": "^1.0.1",
        "varint": "^5.0.0"
      }
    },
    "node-fetch": {
      "version": "2.6.0",
      "resolved": "https://registry.npmjs.org/node-fetch/-/node-fetch-2.6.0.tgz",
      "integrity": "sha512-8dG4H5ujfvFiqDmVu9fQ5bOHUC15JMjMY/Zumv26oOvvVJjM67KF8koCWIabKQ1GJIa9r2mMZscBq/TbdOcmNA=="
    },
    "safe-buffer": {
      "version": "5.2.1",
      "resolved": "https://registry.npmjs.org/safe-buffer/-/safe-buffer-5.2.1.tgz",
      "integrity": "sha512-rp3So07KcdmmKbGvgaNxQSJr7bGVSVk5S9Eq1F+ppbRo70+YeaDxkw5Dd8NPN+GD6bjnYm2VuPuCXmpuYvmCXQ=="
    },
    "varint": {
      "version": "5.0.0",
      "resolved": "https://registry.npmjs.org/varint/-/varint-5.0.0.tgz",
      "integrity": "sha1-2Ca4n3SQcy+rwMDtaT7Uddyynr8="
    },
    "ws": {
      "version": "7.3.1",
      "resolved": "https://registry.npmjs.org/ws/-/ws-7.3.1.tgz",
      "integrity": "sha512-D3RuNkynyHmEJIpD2qrgVkc9DQ23OrN/moAwZX4L8DfvszsJxpjQuUq3LMx6HoYji9fbIOBY18XWBsAux1ZZUA=="
    }
  }
}
