{
  "requires": true,
  "lockfileVersion": 1,
  "dependencies": {
    "@filecoin-shipyard/lotus-client-provider-browser": {
      "version": "0.0.14",
      "resolved": "https://registry.npmjs.org/@filecoin-shipyard/lotus-client-provider-browser/-/lotus-client-provider-browser-0.0.14.tgz",
      "integrity": "sha512-rFH2aUA65fa9C+3d8JoKxL/UGYPbEqIjhJ9ZMJS50aKFELMA1FJ/l10Tpgkx0p6KrdygfIytHneITvpgcumR4g=="
    },
    "@filecoin-shipyard/lotus-client-provider-nodejs": {
      "version": "0.0.5",
      "resolved": "https://registry.npmjs.org/@filecoin-shipyard/lotus-client-provider-nodejs/-/lotus-client-provider-nodejs-0.0.5.tgz",
      "integrity": "sha512-alYbMEYr5M/U/n97eWSWvIi79pZBFhUdS+NEJSpVUhZBzR1iIKKSr0MxL0zXdMTFV5C/UbVKNJy72JaSAvS9oA==",
      "requires": {
        "@filecoin-shipyard/lotus-client-provider-browser": "^0.0.14",
        "node-fetch": "^2.6.0",
        "ws": "^7.3.0"
      }
    },
    "@filecoin-shipyard/lotus-client-rpc": {
      "version": "0.0.11",
      "resolved": "https://registry.npmjs.org/@filecoin-shipyard/lotus-client-rpc/-/lotus-client-rpc-0.0.11.tgz",
      "integrity": "sha512-7ZgT7tyB+5fp5mC9yC4Da9vj3M8PiVPNuxFkFAaDRu8blDuKg/tNh4OMZr5pqs/uuwjRZuXslGl8dOb2Iz+rZg=="
    },
    "blakejs": {
      "version": "1.1.0",
      "resolved": "https://registry.npmjs.org/blakejs/-/blakejs-1.1.0.tgz",
      "integrity": "sha1-ad+S75U6qIylGjLfarHFShVfx6U="
    },
    "node-fetch": {
      "version": "2.6.0",
      "resolved": "https://registry.npmjs.org/node-fetch/-/node-fetch-2.6.0.tgz",
      "integrity": "sha512-8dG4H5ujfvFiqDmVu9fQ5bOHUC15JMjMY/Zumv26oOvvVJjM67KF8koCWIabKQ1GJIa9r2mMZscBq/TbdOcmNA=="
    },
    "ws": {
      "version": "7.3.1",
      "resolved": "https://registry.npmjs.org/ws/-/ws-7.3.1.tgz",
      "integrity": "sha512-D3RuNkynyHmEJIpD2qrgVkc9DQ23OrN/moAwZX4L8DfvszsJxpjQuUq3LMx6HoYji9fbIOBY18XWBsAux1ZZUA=="
    }
  }
}
