{
  "requires": true,
  "lockfileVersion": 1,
  "dependencies": {
    "@filecoin-shipyard/lotus-client-provider-browser": {
      "version": "0.0.14",
      "resolved": "https://registry.npmjs.org/@filecoin-shipyard/lotus-client-provider-browser/-/lotus-client-provider-browser-0.0.14.tgz",
      "integrity": "sha512-rFH2aUA65fa9C+3d8JoKxL/UGYPbEqIjhJ9ZMJS50aKFELMA1FJ/l10Tpgkx0p6KrdygfIytHneITvpgcumR4g=="
    },
    "@filecoin-shipyard/lotus-client-provider-nodejs": {
      "version": "0.0.5",
      "resolved": "https://registry.npmjs.org/@filecoin-shipyard/lotus-client-provider-nodejs/-/lotus-client-provider-nodejs-0.0.5.tgz",
      "integrity": "sha512-alYbMEYr5M/U/n97eWSWvIi79pZBFhUdS+NEJSpVUhZBzR1iIKKSr0MxL0zXdMTFV5C/UbVKNJy72JaSAvS9oA==",
      "requires": {
        "@filecoin-shipyard/lotus-client-provider-browser": "^0.0.14",
        "node-fetch": "^2.6.0",
        "ws": "^7.3.0"
      }
    },
    "@filecoin-shipyard/lotus-client-rpc": {
      "version": "0.0.11",
      "resolved": "https://registry.npmjs.org/@filecoin-shipyard/lotus-client-rpc/-/lotus-client-rpc-0.0.11.tgz",
      "integrity": "sha512-7ZgT7tyB+5fp5mC9yC4Da9vj3M8PiVPNuxFkFAaDRu8blDuKg/tNh4OMZr5pqs/uuwjRZuXslGl8dOb2Iz+rZg=="
    },
    "@filecoin-shipyard/lotus-client-schema": {
      "version": "0.0.12",
      "resolved": "https://registry.npmjs.org/@filecoin-shipyard/lotus-client-schema/-/lotus-client-schema-0.0.12.tgz",
      "integrity": "sha512-wwqarwcUtqpy1pKq4o0jWM5ppbYxsnMZ5uQZ+WJ8dJmNiJuVTz6GjCtWNaCa+4kw2GgfkItj2BIjzweL7/5QNA=="
    },
    "@types/node": {
      "version": "10.12.18",
      "resolved": "https://registry.npmjs.org/@types/node/-/node-10.12.18.tgz",
      "integrity": "sha512-fh+pAqt4xRzPfqA6eh3Z2y6fyZavRIumvjhaCL753+TVkGKGhpPeyrJG2JftD0T9q4GF00KjefsQ+PQNDdWQaQ=="
    },
    "@zondax/filecoin-signing-tools": {
      "version": "0.5.2",
      "resolved": "https://registry.npmjs.org/@zondax/filecoin-signing-tools/-/filecoin-signing-tools-0.5.2.tgz",
      "integrity": "sha512-md6VxXFnbsYTbEQafb+5Nvjgk71XHH7FnNFvrrQJuCfr7Urk/MdcWltrfPSdTLJ7IYLIYSJJWM1qE1I90tMj0Q==",
      "requires": {
        "base32-decode": "^1.0.0",
        "base32-encode": "^1.1.1",
        "bip32": "^2.0.5",
        "bip39": "^3.0.2",
        "blakejs": "^1.1.0",
        "ipld-dag-cbor": "^0.15.3",
        "secp256k1": "^4.0.1"
      }
    },
    "base-x": {
      "version": "3.0.8",
      "resolved": "https://registry.npmjs.org/base-x/-/base-x-3.0.8.tgz",
      "integrity": "sha512-Rl/1AWP4J/zRrk54hhlxH4drNxPJXYUaKffODVI53/dAsV4t9fBxyxYKAVPU1XBHxYwOWP9h9H0hM2MVw4YfJA==",
      "requires": {
        "safe-buffer": "^5.0.1"
      }
    },
    "base32-decode": {
      "version": "1.0.0",
      "resolved": "https://registry.npmjs.org/base32-decode/-/base32-decode-1.0.0.tgz",
      "integrity": "sha512-KNWUX/R7wKenwE/G/qFMzGScOgVntOmbE27vvc6GrniDGYb6a5+qWcuoXl8WIOQL7q0TpK7nZDm1Y04Yi3Yn5g=="
    },
    "base32-encode": {
      "version": "1.1.1",
      "resolved": "https://registry.npmjs.org/base32-encode/-/base32-encode-1.1.1.tgz",
      "integrity": "sha512-eqa0BeGghj3guezlasdHJhr3+J5ZbbQvxeprkcDMbRQrjlqOT832IUDT4Al4ofAwekFYMqkkM9KMUHs9Cu0HKA=="
    },
    "base64-js": {
      "version": "1.3.1",
      "resolved": "https://registry.npmjs.org/base64-js/-/base64-js-1.3.1.tgz",
      "integrity": "sha512-mLQ4i2QO1ytvGWFWmcngKO//JXAQueZvwEKtjgQFM4jIK0kU+ytMfplL8j+n5mspOfjHwoAg+9yhb7BwAHm36g=="
    },
    "bignumber.js": {
      "version": "9.0.0",
      "resolved": "https://registry.npmjs.org/bignumber.js/-/bignumber.js-9.0.0.tgz",
      "integrity": "sha512-t/OYhhJ2SD+YGBQcjY8GzzDHEk9f3nerxjtfa6tlMXfe7frs/WozhvCNoGvpM0P3bNf3Gq5ZRMlGr5f3r4/N8A=="
    },
    "bindings": {
      "version": "1.5.0",
      "resolved": "https://registry.npmjs.org/bindings/-/bindings-1.5.0.tgz",
      "integrity": "sha512-p2q/t/mhvuOj/UeLlV6566GD/guowlr0hHxClI0W9m7MWYkL1F0hLo+0Aexs9HSPCtR1SXQ0TD3MMKrXZajbiQ==",
      "requires": {
        "file-uri-to-path": "1.0.0"
      }
    },
    "bip32": {
      "version": "2.0.5",
      "resolved": "https://registry.npmjs.org/bip32/-/bip32-2.0.5.tgz",
      "integrity": "sha512-zVY4VvJV+b2fS0/dcap/5XLlpqtgwyN8oRkuGgAS1uLOeEp0Yo6Tw2yUTozTtlrMJO3G8n4g/KX/XGFHW6Pq3g==",
      "requires": {
        "@types/node": "10.12.18",
        "bs58check": "^2.1.1",
        "create-hash": "^1.2.0",
        "create-hmac": "^1.1.7",
        "tiny-secp256k1": "^1.1.3",
        "typeforce": "^1.11.5",
        "wif": "^2.0.6"
      }
    },
    "bip39": {
      "version": "3.0.2",
      "resolved": "https://registry.npmjs.org/bip39/-/bip39-3.0.2.tgz",
      "integrity": "sha512-J4E1r2N0tUylTKt07ibXvhpT2c5pyAFgvuA5q1H9uDy6dEGpjV8jmymh3MTYJDLCNbIVClSB9FbND49I6N24MQ==",
      "requires": {
        "@types/node": "11.11.6",
        "create-hash": "^1.1.0",
        "pbkdf2": "^3.0.9",
        "randombytes": "^2.0.1"
      },
      "dependencies": {
        "@types/node": {
          "version": "11.11.6",
          "resolved": "https://registry.npmjs.org/@types/node/-/node-11.11.6.tgz",
          "integrity": "sha512-Exw4yUWMBXM3X+8oqzJNRqZSwUAaS4+7NdvHqQuFi/d+synz++xmX3QIf+BFqneW8N31R8Ky+sikfZUXq07ggQ=="
        }
      }
    },
    "blakejs": {
      "version": "1.1.0",
      "resolved": "https://registry.npmjs.org/blakejs/-/blakejs-1.1.0.tgz",
      "integrity": "sha1-ad+S75U6qIylGjLfarHFShVfx6U="
    },
    "bn.js": {
      "version": "4.11.9",
      "resolved": "https://registry.npmjs.org/bn.js/-/bn.js-4.11.9.tgz",
      "integrity": "sha512-E6QoYqCKZfgatHTdHzs1RRKP7ip4vvm+EyRUeE2RF0NblwVvb0p6jSVeNTOFxPn26QXN2o6SMfNxKp6kU8zQaw=="
    },
    "borc": {
      "version": "2.1.2",
      "resolved": "https://registry.npmjs.org/borc/-/borc-2.1.2.tgz",
      "integrity": "sha512-Sy9eoUi4OiKzq7VovMn246iTo17kzuyHJKomCfpWMlI6RpfN1gk95w7d7gH264nApVLg0HZfcpz62/g4VH1Y4w==",
      "requires": {
        "bignumber.js": "^9.0.0",
        "buffer": "^5.5.0",
        "commander": "^2.15.0",
        "ieee754": "^1.1.13",
        "iso-url": "~0.4.7",
        "json-text-sequence": "~0.1.0",
        "readable-stream": "^3.6.0"
      }
    },
    "brorand": {
      "version": "1.1.0",
      "resolved": "https://registry.npmjs.org/brorand/-/brorand-1.1.0.tgz",
      "integrity": "sha1-EsJe/kCkXjwyPrhnWgoM5XsiNx8="
    },
    "bs58": {
      "version": "4.0.1",
      "resolved": "https://registry.npmjs.org/bs58/-/bs58-4.0.1.tgz",
      "integrity": "sha1-vhYedsNU9veIrkBx9j806MTwpCo=",
      "requires": {
        "base-x": "^3.0.2"
      }
    },
    "bs58check": {
      "version": "2.1.2",
      "resolved": "https://registry.npmjs.org/bs58check/-/bs58check-2.1.2.tgz",
      "integrity": "sha512-0TS1jicxdU09dwJMNZtVAfzPi6Q6QeN0pM1Fkzrjn+XYHvzMKPU3pHVpva+769iNVSfIYWf7LJ6WR+BuuMf8cA==",
      "requires": {
        "bs58": "^4.0.0",
        "create-hash": "^1.1.0",
        "safe-buffer": "^5.1.2"
      }
    },
    "buffer": {
      "version": "5.6.0",
      "resolved": "https://registry.npmjs.org/buffer/-/buffer-5.6.0.tgz",
      "integrity": "sha512-/gDYp/UtU0eA1ys8bOs9J6a+E/KWIY+DZ+Q2WESNUA0jFRsJOc0SNUO6xJ5SGA1xueg3NL65W6s+NY5l9cunuw==",
      "requires": {
        "base64-js": "^1.0.2",
        "ieee754": "^1.1.4"
      }
    },
    "cids": {
      "version": "0.8.3",
      "resolved": "https://registry.npmjs.org/cids/-/cids-0.8.3.tgz",
      "integrity": "sha512-yoXTbV3llpm+EBGWKeL9xKtksPE/s6DPoDSY4fn8I8TEW1zehWXPSB0pwAXVDlLaOlrw+sNynj995uD9abmPhA==",
      "requires": {
        "buffer": "^5.6.0",
        "class-is": "^1.1.0",
        "multibase": "^1.0.0",
        "multicodec": "^1.0.1",
        "multihashes": "^1.0.1"
      }
    },
    "cipher-base": {
      "version": "1.0.4",
      "resolved": "https://registry.npmjs.org/cipher-base/-/cipher-base-1.0.4.tgz",
      "integrity": "sha512-Kkht5ye6ZGmwv40uUDZztayT2ThLQGfnj/T71N/XzeZeo3nf8foyW7zGTsPYkEya3m5f3cAypH+qe7YOrM1U2Q==",
      "requires": {
        "inherits": "^2.0.1",
        "safe-buffer": "^5.0.1"
      }
    },
    "class-is": {
      "version": "1.1.0",
      "resolved": "https://registry.npmjs.org/class-is/-/class-is-1.1.0.tgz",
      "integrity": "sha512-rhjH9AG1fvabIDoGRVH587413LPjTZgmDF9fOFCbFJQV4yuocX1mHxxvXI4g3cGwbVY9wAYIoKlg1N79frJKQw=="
    },
    "commander": {
      "version": "2.20.3",
      "resolved": "https://registry.npmjs.org/commander/-/commander-2.20.3.tgz",
      "integrity": "sha512-GpVkmM8vF2vQUkj2LvZmD35JxeJOLCwJ9cUkugyk2nuhbv3+mJvpLYYt+0+USMxE+oj+ey/lJEnhZw75x/OMcQ=="
    },
    "create-hash": {
      "version": "1.2.0",
      "resolved": "https://registry.npmjs.org/create-hash/-/create-hash-1.2.0.tgz",
      "integrity": "sha512-z00bCGNHDG8mHAkP7CtT1qVu+bFQUPjYq/4Iv3C3kWjTFV10zIjfSoeqXo9Asws8gwSHDGj/hl2u4OGIjapeCg==",
      "requires": {
        "cipher-base": "^1.0.1",
        "inherits": "^2.0.1",
        "md5.js": "^1.3.4",
        "ripemd160": "^2.0.1",
        "sha.js": "^2.4.0"
      }
    },
    "create-hmac": {
      "version": "1.1.7",
      "resolved": "https://registry.npmjs.org/create-hmac/-/create-hmac-1.1.7.tgz",
      "integrity": "sha512-MJG9liiZ+ogc4TzUwuvbER1JRdgvUFSB5+VR/g5h82fGaIRWMWddtKBHi7/sVhfjQZ6SehlyhvQYrcYkaUIpLg==",
      "requires": {
        "cipher-base": "^1.0.3",
        "create-hash": "^1.1.0",
        "inherits": "^2.0.1",
        "ripemd160": "^2.0.0",
        "safe-buffer": "^5.0.1",
        "sha.js": "^2.4.8"
      }
    },
    "delimit-stream": {
      "version": "0.1.0",
      "resolved": "https://registry.npmjs.org/delimit-stream/-/delimit-stream-0.1.0.tgz",
      "integrity": "sha1-m4MZR3wOX4rrPONXrjBfwl6hzSs="
    },
    "elliptic": {
      "version": "6.5.3",
      "resolved": "https://registry.npmjs.org/elliptic/-/elliptic-6.5.3.tgz",
      "integrity": "sha512-IMqzv5wNQf+E6aHeIqATs0tOLeOTwj1QKbRcS3jBbYkl5oLAserA8yJTT7/VyHUYG91PRmPyeQDObKLPpeS4dw==",
      "requires": {
        "bn.js": "^4.4.0",
        "brorand": "^1.0.1",
        "hash.js": "^1.0.0",
        "hmac-drbg": "^1.0.0",
        "inherits": "^2.0.1",
        "minimalistic-assert": "^1.0.0",
        "minimalistic-crypto-utils": "^1.0.0"
      }
    },
    "err-code": {
      "version": "2.0.3",
      "resolved": "https://registry.npmjs.org/err-code/-/err-code-2.0.3.tgz",
      "integrity": "sha512-2bmlRpNKBxT/CRmPOlyISQpNj+qSeYvcym/uT0Jx2bMOlKLtSy1ZmLuVxSEKKyor/N5yhvp/ZiG1oE3DEYMSFA=="
    },
    "file-uri-to-path": {
      "version": "1.0.0",
      "resolved": "https://registry.npmjs.org/file-uri-to-path/-/file-uri-to-path-1.0.0.tgz",
      "integrity": "sha512-0Zt+s3L7Vf1biwWZ29aARiVYLx7iMGnEUl9x33fbB/j3jR81u/O2LbqK+Bm1CDSNDKVtJ/YjwY7TUd5SkeLQLw=="
    },
    "hash-base": {
      "version": "3.1.0",
      "resolved": "https://registry.npmjs.org/hash-base/-/hash-base-3.1.0.tgz",
      "integrity": "sha512-1nmYp/rhMDiE7AYkDw+lLwlAzz0AntGIe51F3RfFfEqyQ3feY2eI/NcwC6umIQVOASPMsWJLJScWKSSvzL9IVA==",
      "requires": {
        "inherits": "^2.0.4",
        "readable-stream": "^3.6.0",
        "safe-buffer": "^5.2.0"
      }
    },
    "hash.js": {
      "version": "1.1.7",
      "resolved": "https://registry.npmjs.org/hash.js/-/hash.js-1.1.7.tgz",
      "integrity": "sha512-taOaskGt4z4SOANNseOviYDvjEJinIkRgmp7LbKP2YTTmVxWBl87s/uzK9r+44BclBSp2X7K1hqeNfz9JbBeXA==",
      "requires": {
        "inherits": "^2.0.3",
        "minimalistic-assert": "^1.0.1"
      }
    },
    "hmac-drbg": {
      "version": "1.0.1",
      "resolved": "https://registry.npmjs.org/hmac-drbg/-/hmac-drbg-1.0.1.tgz",
      "integrity": "sha1-0nRXAQJabHdabFRXk+1QL8DGSaE=",
      "requires": {
        "hash.js": "^1.0.3",
        "minimalistic-assert": "^1.0.0",
        "minimalistic-crypto-utils": "^1.0.1"
      }
    },
    "ieee754": {
      "version": "1.1.13",
      "resolved": "https://registry.npmjs.org/ieee754/-/ieee754-1.1.13.tgz",
      "integrity": "sha512-4vf7I2LYV/HaWerSo3XmlMkp5eZ83i+/CDluXi/IGTs/O1sejBNhTtnxzmRZfvOUqj7lZjqHkeTvpgSFDlWZTg=="
    },
    "inherits": {
      "version": "2.0.4",
      "resolved": "https://registry.npmjs.org/inherits/-/inherits-2.0.4.tgz",
      "integrity": "sha512-k/vGaX4/Yla3WzyMCvTQOXYeIHvqOKtnqBduzTHpzpQZzAskKMhZ2K+EnBiSM9zGSoIFeMpXKxa4dYeZIQqewQ=="
    },
    "ipld-dag-cbor": {
      "version": "0.15.3",
      "resolved": "https://registry.npmjs.org/ipld-dag-cbor/-/ipld-dag-cbor-0.15.3.tgz",
      "integrity": "sha512-m23nG7ZyoVFnkK55/bLAErc7EfiMgaEQlqHWDTGzPI+O5r6bPfp+qbL5zTVSIT8tpbHmu174dwerVtLoVgeVyA==",
      "requires": {
        "borc": "^2.1.2",
        "buffer": "^5.5.0",
        "cids": "~0.8.0",
        "is-circular": "^1.0.2",
        "multicodec": "^1.0.0",
        "multihashing-async": "~0.8.0"
      }
    },
    "is-circular": {
      "version": "1.0.2",
      "resolved": "https://registry.npmjs.org/is-circular/-/is-circular-1.0.2.tgz",
      "integrity": "sha512-YttjnrswnUYRVJvxCvu8z+PGMUSzC2JttP0OEXezlAEdp3EXzhf7IZ3j0gRAybJBQupedIZFhY61Tga6E0qASA=="
    },
    "iso-url": {
      "version": "0.4.7",
      "resolved": "https://registry.npmjs.org/iso-url/-/iso-url-0.4.7.tgz",
      "integrity": "sha512-27fFRDnPAMnHGLq36bWTpKET+eiXct3ENlCcdcMdk+mjXrb2kw3mhBUg1B7ewAC0kVzlOPhADzQgz1SE6Tglog=="
    },
    "js-sha3": {
      "version": "0.8.0",
      "resolved": "https://registry.npmjs.org/js-sha3/-/js-sha3-0.8.0.tgz",
      "integrity": "sha512-gF1cRrHhIzNfToc802P800N8PpXS+evLLXfsVpowqmAFR9uwbi89WvXg2QspOmXL8QL86J4T1EpFu+yUkwJY3Q=="
    },
    "json-text-sequence": {
      "version": "0.1.1",
      "resolved": "https://registry.npmjs.org/json-text-sequence/-/json-text-sequence-0.1.1.tgz",
      "integrity": "sha1-py8hfcSvxGKf/1/rME3BvVGi89I=",
      "requires": {
        "delimit-stream": "0.1.0"
      }
    },
    "md5.js": {
      "version": "1.3.5",
      "resolved": "https://registry.npmjs.org/md5.js/-/md5.js-1.3.5.tgz",
      "integrity": "sha512-xitP+WxNPcTTOgnTJcrhM0xvdPepipPSf3I8EIpGKeFLjt3PlJLIDG3u8EX53ZIubkb+5U2+3rELYpEhHhzdkg==",
      "requires": {
        "hash-base": "^3.0.0",
        "inherits": "^2.0.1",
        "safe-buffer": "^5.1.2"
      }
    },
    "minimalistic-assert": {
      "version": "1.0.1",
      "resolved": "https://registry.npmjs.org/minimalistic-assert/-/minimalistic-assert-1.0.1.tgz",
      "integrity": "sha512-UtJcAD4yEaGtjPezWuO9wC4nwUnVH/8/Im3yEHQP4b67cXlD/Qr9hdITCU1xDbSEXg2XKNaP8jsReV7vQd00/A=="
    },
    "minimalistic-crypto-utils": {
      "version": "1.0.1",
      "resolved": "https://registry.npmjs.org/minimalistic-crypto-utils/-/minimalistic-crypto-utils-1.0.1.tgz",
      "integrity": "sha1-9sAMHAsIIkblxNmd+4x8CDsrWCo="
    },
    "multibase": {
      "version": "1.0.1",
      "resolved": "https://registry.npmjs.org/multibase/-/multibase-1.0.1.tgz",
      "integrity": "sha512-KcCxpBVY8fdVKu4dJMAahq4F/2Z/9xqEjIiR7PiMe7LRGeorFn2NLmicN6nLBCqQvft6MG2Lc9X5P0IdyvnxEw==",
      "requires": {
        "base-x": "^3.0.8",
        "buffer": "^5.5.0"
      }
    },
    "multicodec": {
      "version": "1.0.3",
      "resolved": "https://registry.npmjs.org/multicodec/-/multicodec-1.0.3.tgz",
      "integrity": "sha512-8G4JKbHWSe/39Xx2uiI+/b/S6mGgimzwEN4TOCokFUIfofg1T8eHny88ht9eWImD2dng+EEQRsApXxA5ubhU4g==",
      "requires": {
        "buffer": "^5.6.0",
        "varint": "^5.0.0"
      }
    },
    "multihashes": {
      "version": "1.0.1",
      "resolved": "https://registry.npmjs.org/multihashes/-/multihashes-1.0.1.tgz",
      "integrity": "sha512-S27Tepg4i8atNiFaU5ZOm3+gl3KQlUanLs/jWcBxQHFttgq+5x1OgbQmf2d8axJ/48zYGBd/wT9d723USMFduw==",
      "requires": {
        "buffer": "^5.6.0",
        "multibase": "^1.0.1",
        "varint": "^5.0.0"
      }
    },
    "multihashing-async": {
      "version": "0.8.2",
      "resolved": "https://registry.npmjs.org/multihashing-async/-/multihashing-async-0.8.2.tgz",
      "integrity": "sha512-2lKa1autuCy8x7KIEj9aVNbAb3aIMRFYIwN7mq/zD4pxgNIVgGlm+f6GKY4880EOF2Y3GktHYssRy7TAJQ2DyQ==",
      "requires": {
        "blakejs": "^1.1.0",
        "buffer": "^5.4.3",
        "err-code": "^2.0.0",
        "js-sha3": "^0.8.0",
        "multihashes": "^1.0.1",
        "murmurhash3js-revisited": "^3.0.0"
      }
    },
    "murmurhash3js-revisited": {
      "version": "3.0.0",
      "resolved": "https://registry.npmjs.org/murmurhash3js-revisited/-/murmurhash3js-revisited-3.0.0.tgz",
      "integrity": "sha512-/sF3ee6zvScXMb1XFJ8gDsSnY+X8PbOyjIuBhtgis10W2Jx4ZjIhikUCIF9c4gpJxVnQIsPAFrSwTCuAjicP6g=="
    },
    "nan": {
      "version": "2.14.1",
      "resolved": "https://registry.npmjs.org/nan/-/nan-2.14.1.tgz",
      "integrity": "sha512-isWHgVjnFjh2x2yuJ/tj3JbwoHu3UC2dX5G/88Cm24yB6YopVgxvBObDY7n5xW6ExmFhJpSEQqFPvq9zaXc8Jw=="
    },
    "node-addon-api": {
      "version": "2.0.2",
      "resolved": "https://registry.npmjs.org/node-addon-api/-/node-addon-api-2.0.2.tgz",
      "integrity": "sha512-Ntyt4AIXyaLIuMHF6IOoTakB3K+RWxwtsHNRxllEoA6vPwP9o4866g6YWDLUdnucilZhmkxiHwHr11gAENw+QA=="
    },
    "node-fetch": {
      "version": "2.6.0",
      "resolved": "https://registry.npmjs.org/node-fetch/-/node-fetch-2.6.0.tgz",
      "integrity": "sha512-8dG4H5ujfvFiqDmVu9fQ5bOHUC15JMjMY/Zumv26oOvvVJjM67KF8koCWIabKQ1GJIa9r2mMZscBq/TbdOcmNA=="
    },
    "node-gyp-build": {
      "version": "4.2.2",
      "resolved": "https://registry.npmjs.org/node-gyp-build/-/node-gyp-build-4.2.2.tgz",
      "integrity": "sha512-Lqh7mrByWCM8Cf9UPqpeoVBBo5Ugx+RKu885GAzmLBVYjeywScxHXPGLa4JfYNZmcNGwzR0Glu5/9GaQZMFqyA=="
    },
    "pbkdf2": {
      "version": "3.1.1",
      "resolved": "https://registry.npmjs.org/pbkdf2/-/pbkdf2-3.1.1.tgz",
      "integrity": "sha512-4Ejy1OPxi9f2tt1rRV7Go7zmfDQ+ZectEQz3VGUQhgq62HtIRPDyG/JtnwIxs6x3uNMwo2V7q1fMvKjb+Tnpqg==",
      "requires": {
        "create-hash": "^1.1.2",
        "create-hmac": "^1.1.4",
        "ripemd160": "^2.0.1",
        "safe-buffer": "^5.0.1",
        "sha.js": "^2.4.8"
      }
    },
    "randombytes": {
      "version": "2.1.0",
      "resolved": "https://registry.npmjs.org/randombytes/-/randombytes-2.1.0.tgz",
      "integrity": "sha512-vYl3iOX+4CKUWuxGi9Ukhie6fsqXqS9FE2Zaic4tNFD2N2QQaXOMFbuKK4QmDHC0JO6B1Zp41J0LpT0oR68amQ==",
      "requires": {
        "safe-buffer": "^5.1.0"
      }
    },
    "readable-stream": {
      "version": "3.6.0",
      "resolved": "https://registry.npmjs.org/readable-stream/-/readable-stream-3.6.0.tgz",
      "integrity": "sha512-BViHy7LKeTz4oNnkcLJ+lVSL6vpiFeX6/d3oSH8zCW7UxP2onchk+vTGB143xuFjHS3deTgkKoXXymXqymiIdA==",
      "requires": {
        "inherits": "^2.0.3",
        "string_decoder": "^1.1.1",
        "util-deprecate": "^1.0.1"
      }
    },
    "ripemd160": {
      "version": "2.0.2",
      "resolved": "https://registry.npmjs.org/ripemd160/-/ripemd160-2.0.2.tgz",
      "integrity": "sha512-ii4iagi25WusVoiC4B4lq7pbXfAp3D9v5CwfkY33vffw2+pkDjY1D8GaN7spsxvCSx8dkPqOZCEZyfxcmJG2IA==",
      "requires": {
        "hash-base": "^3.0.0",
        "inherits": "^2.0.1"
      }
    },
    "safe-buffer": {
      "version": "5.2.1",
      "resolved": "https://registry.npmjs.org/safe-buffer/-/safe-buffer-5.2.1.tgz",
      "integrity": "sha512-rp3So07KcdmmKbGvgaNxQSJr7bGVSVk5S9Eq1F+ppbRo70+YeaDxkw5Dd8NPN+GD6bjnYm2VuPuCXmpuYvmCXQ=="
    },
    "secp256k1": {
      "version": "4.0.1",
      "resolved": "https://registry.npmjs.org/secp256k1/-/secp256k1-4.0.1.tgz",
      "integrity": "sha512-iGRjbGAKfXMqhtdkkuNxsgJQfJO8Oo78Rm7DAvsG3XKngq+nJIOGqrCSXcQqIVsmCj0wFanE5uTKFxV3T9j2wg==",
      "requires": {
        "elliptic": "^6.5.2",
        "node-addon-api": "^2.0.0",
        "node-gyp-build": "^4.2.0"
      }
    },
    "sha.js": {
      "version": "2.4.11",
      "resolved": "https://registry.npmjs.org/sha.js/-/sha.js-2.4.11.tgz",
      "integrity": "sha512-QMEp5B7cftE7APOjk5Y6xgrbWu+WkLVQwk8JNjZ8nKRciZaByEW6MubieAiToS7+dwvrjGhH8jRXz3MVd0AYqQ==",
      "requires": {
        "inherits": "^2.0.1",
        "safe-buffer": "^5.0.1"
      }
    },
    "string_decoder": {
      "version": "1.3.0",
      "resolved": "https://registry.npmjs.org/string_decoder/-/string_decoder-1.3.0.tgz",
      "integrity": "sha512-hkRX8U1WjJFd8LsDJ2yQ/wWWxaopEsABU1XfkM8A+j0+85JAGppt16cr1Whg6KIbb4okU6Mql6BOj+uup/wKeA==",
      "requires": {
        "safe-buffer": "~5.2.0"
      }
    },
    "tiny-secp256k1": {
      "version": "1.1.5",
      "resolved": "https://registry.npmjs.org/tiny-secp256k1/-/tiny-secp256k1-1.1.5.tgz",
      "integrity": "sha512-duE2hSLSQIpHGzmK48OgRrGTi+4OTkXLC6aa86uOYQ6LLCYZSarVKIAvEtY7MoXjoL6bOXMSerEGMzrvW4SkDw==",
      "requires": {
        "bindings": "^1.3.0",
        "bn.js": "^4.11.8",
        "create-hmac": "^1.1.7",
        "elliptic": "^6.4.0",
        "nan": "^2.13.2"
      }
    },
    "typeforce": {
      "version": "1.18.0",
      "resolved": "https://registry.npmjs.org/typeforce/-/typeforce-1.18.0.tgz",
      "integrity": "sha512-7uc1O8h1M1g0rArakJdf0uLRSSgFcYexrVoKo+bzJd32gd4gDy2L/Z+8/FjPnU9ydY3pEnVPtr9FyscYY60K1g=="
    },
    "util-deprecate": {
      "version": "1.0.2",
      "resolved": "https://registry.npmjs.org/util-deprecate/-/util-deprecate-1.0.2.tgz",
      "integrity": "sha1-RQ1Nyfpw3nMnYvvS1KKJgUGaDM8="
    },
    "varint": {
      "version": "5.0.0",
      "resolved": "https://registry.npmjs.org/varint/-/varint-5.0.0.tgz",
      "integrity": "sha1-2Ca4n3SQcy+rwMDtaT7Uddyynr8="
    },
    "wif": {
      "version": "2.0.6",
      "resolved": "https://registry.npmjs.org/wif/-/wif-2.0.6.tgz",
      "integrity": "sha1-CNP1IFbGZnkplyb63g1DKudLRwQ=",
      "requires": {
        "bs58check": "<3.0.0"
      }
    },
    "ws": {
      "version": "7.3.1",
      "resolved": "https://registry.npmjs.org/ws/-/ws-7.3.1.tgz",
      "integrity": "sha512-D3RuNkynyHmEJIpD2qrgVkc9DQ23OrN/moAwZX4L8DfvszsJxpjQuUq3LMx6HoYji9fbIOBY18XWBsAux1ZZUA=="
    }
  }
}
