# THIS IS AN AUTOGENERATED FILE. DO NOT EDIT THIS FILE DIRECTLY.
# yarn lockfile v1


"@Zondax/filecoin-signing-tools@file:../filecoin-signing-tools/signer-npm/js":
  version "0.2.0"
  dependencies:
    base32-decode "^1.0.0"
    base32-encode "^1.1.1"
    bip32 "^2.0.5"
    bip39 "^3.0.2"
    blakejs "^1.1.0"
    bn.js "^5.1.2"
    ipld-dag-cbor "^0.15.3"
    secp256k1 "^4.0.1"

"@filecoin-shipyard/lotus-client-provider-browser@^0.0.14":
  version "0.0.14"
  resolved "https://registry.yarnpkg.com/@filecoin-shipyard/lotus-client-provider-browser/-/lotus-client-provider-browser-0.0.14.tgz#28268cd1a940627b08e06378527f5f34fea0db75"
  integrity sha512-rFH2aUA65fa9C+3d8JoKxL/UGYPbEqIjhJ9ZMJS50aKFELMA1FJ/l10Tpgkx0p6KrdygfIytHneITvpgcumR4g==

"@filecoin-shipyard/lotus-client-provider-nodejs@0.0.5":
  version "0.0.5"
  resolved "https://registry.yarnpkg.com/@filecoin-shipyard/lotus-client-provider-nodejs/-/lotus-client-provider-nodejs-0.0.5.tgz#e7e27b13eb5b1892454ff72c8060c6f845ee0bf6"
  integrity sha512-alYbMEYr5M/U/n97eWSWvIi79pZBFhUdS+NEJSpVUhZBzR1iIKKSr0MxL0zXdMTFV5C/UbVKNJy72JaSAvS9oA==
  dependencies:
    "@filecoin-shipyard/lotus-client-provider-browser" "^0.0.14"
    node-fetch "^2.6.0"
    ws "^7.3.0"

"@filecoin-shipyard/lotus-client-rpc@0.0.11":
  version "0.0.11"
  resolved "https://registry.yarnpkg.com/@filecoin-shipyard/lotus-client-rpc/-/lotus-client-rpc-0.0.11.tgz#60d6953dee4ff583ca982aae45d57e05a68ad89b"
  integrity sha512-7ZgT7tyB+5fp5mC9yC4Da9vj3M8PiVPNuxFkFAaDRu8blDuKg/tNh4OMZr5pqs/uuwjRZuXslGl8dOb2Iz+rZg==

"@filecoin-shipyard/lotus-client-schema@0.0.12":
  version "0.0.12"
  resolved "https://registry.yarnpkg.com/@filecoin-shipyard/lotus-client-schema/-/lotus-client-schema-0.0.12.tgz#5da274b11e1d306a79e8a09e6dd01d3a77b838e8"
  integrity sha512-wwqarwcUtqpy1pKq4o0jWM5ppbYxsnMZ5uQZ+WJ8dJmNiJuVTz6GjCtWNaCa+4kw2GgfkItj2BIjzweL7/5QNA==

"@openworklabs/filecoin-address@0.0.10":
  version "0.0.10"
  resolved "https://registry.yarnpkg.com/@openworklabs/filecoin-address/-/filecoin-address-0.0.10.tgz#2e3211a00800746ebb8753831eb788769f45bc79"
  integrity sha512-zHzjW6G+/n46XcqqdfcAPumP5oS5V6ozFVKvFW5GXKJ0oLXwnEqoc0zWoodJXXA/7nDqbWxvH8/CSJysig8WTA==
  dependencies:
    blakejs "1.1.0"
    borc "2.1.1"
    leb128 "0.0.5"

"@types/node@*":
  version "14.0.24"
  resolved "https://registry.yarnpkg.com/@types/node/-/node-14.0.24.tgz#b0f86f58564fa02a28b68f8b55d4cdec42e3b9d6"
  integrity sha512-btt/oNOiDWcSuI721MdL8VQGnjsKjlTMdrKyTcLCKeQp/n4AAMFJ961wMbp+09y8WuGPClDEv07RIItdXKIXAA==

"@types/node@10.12.18":
  version "10.12.18"
  resolved "https://registry.yarnpkg.com/@types/node/-/node-10.12.18.tgz#1d3ca764718915584fcd9f6344621b7672665c67"
  integrity sha512-fh+pAqt4xRzPfqA6eh3Z2y6fyZavRIumvjhaCL753+TVkGKGhpPeyrJG2JftD0T9q4GF00KjefsQ+PQNDdWQaQ==

"@types/node@11.11.6":
  version "11.11.6"
  resolved "https://registry.yarnpkg.com/@types/node/-/node-11.11.6.tgz#df929d1bb2eee5afdda598a41930fe50b43eaa6a"
  integrity sha512-Exw4yUWMBXM3X+8oqzJNRqZSwUAaS4+7NdvHqQuFi/d+synz++xmX3QIf+BFqneW8N31R8Ky+sikfZUXq07ggQ==

any-promise@^1.3.0:
  version "1.3.0"
  resolved "https://registry.yarnpkg.com/any-promise/-/any-promise-1.3.0.tgz#abc6afeedcea52e809cdc0376aed3ce39635d17f"
  integrity sha1-q8av7tzqUugJzcA3au0845Y10X8=

base-x@^3.0.2, base-x@^3.0.8:
  version "3.0.8"
  resolved "https://registry.yarnpkg.com/base-x/-/base-x-3.0.8.tgz#1e1106c2537f0162e8b52474a557ebb09000018d"
  integrity sha512-Rl/1AWP4J/zRrk54hhlxH4drNxPJXYUaKffODVI53/dAsV4t9fBxyxYKAVPU1XBHxYwOWP9h9H0hM2MVw4YfJA==
  dependencies:
    safe-buffer "^5.0.1"

base32-decode@^1.0.0:
  version "1.0.0"
  resolved "https://registry.yarnpkg.com/base32-decode/-/base32-decode-1.0.0.tgz#2a821d6a664890c872f20aa9aca95a4b4b80e2a7"
  integrity sha512-KNWUX/R7wKenwE/G/qFMzGScOgVntOmbE27vvc6GrniDGYb6a5+qWcuoXl8WIOQL7q0TpK7nZDm1Y04Yi3Yn5g==

base32-encode@^1.1.1:
  version "1.1.1"
  resolved "https://registry.yarnpkg.com/base32-encode/-/base32-encode-1.1.1.tgz#d022d86aca0002a751bbe1bf20eb4a9b1cef4e95"
  integrity sha512-eqa0BeGghj3guezlasdHJhr3+J5ZbbQvxeprkcDMbRQrjlqOT832IUDT4Al4ofAwekFYMqkkM9KMUHs9Cu0HKA==

base64-js@^1.0.2:
  version "1.3.1"
  resolved "https://registry.yarnpkg.com/base64-js/-/base64-js-1.3.1.tgz#58ece8cb75dd07e71ed08c736abc5fac4dbf8df1"
  integrity sha512-mLQ4i2QO1ytvGWFWmcngKO//JXAQueZvwEKtjgQFM4jIK0kU+ytMfplL8j+n5mspOfjHwoAg+9yhb7BwAHm36g==

bignumber.js@^9.0.0:
  version "9.0.0"
  resolved "https://registry.yarnpkg.com/bignumber.js/-/bignumber.js-9.0.0.tgz#805880f84a329b5eac6e7cb6f8274b6d82bdf075"
  integrity sha512-t/OYhhJ2SD+YGBQcjY8GzzDHEk9f3nerxjtfa6tlMXfe7frs/WozhvCNoGvpM0P3bNf3Gq5ZRMlGr5f3r4/N8A==

bindings@^1.3.0:
  version "1.5.0"
  resolved "https://registry.yarnpkg.com/bindings/-/bindings-1.5.0.tgz#10353c9e945334bc0511a6d90b38fbc7c9c504df"
  integrity sha512-p2q/t/mhvuOj/UeLlV6566GD/guowlr0hHxClI0W9m7MWYkL1F0hLo+0Aexs9HSPCtR1SXQ0TD3MMKrXZajbiQ==
  dependencies:
    file-uri-to-path "1.0.0"

bip32@^2.0.5:
  version "2.0.5"
  resolved "https://registry.yarnpkg.com/bip32/-/bip32-2.0.5.tgz#e3808a9e97a880dbafd0f5f09ca4a1e14ee275d2"
  integrity sha512-zVY4VvJV+b2fS0/dcap/5XLlpqtgwyN8oRkuGgAS1uLOeEp0Yo6Tw2yUTozTtlrMJO3G8n4g/KX/XGFHW6Pq3g==
  dependencies:
    "@types/node" "10.12.18"
    bs58check "^2.1.1"
    create-hash "^1.2.0"
    create-hmac "^1.1.7"
    tiny-secp256k1 "^1.1.3"
    typeforce "^1.11.5"
    wif "^2.0.6"

bip39@^3.0.2:
  version "3.0.2"
  resolved "https://registry.yarnpkg.com/bip39/-/bip39-3.0.2.tgz#2baf42ff3071fc9ddd5103de92e8f80d9257ee32"
  integrity sha512-J4E1r2N0tUylTKt07ibXvhpT2c5pyAFgvuA5q1H9uDy6dEGpjV8jmymh3MTYJDLCNbIVClSB9FbND49I6N24MQ==
  dependencies:
    "@types/node" "11.11.6"
    create-hash "^1.1.0"
    pbkdf2 "^3.0.9"
    randombytes "^2.0.1"

blakejs@1.1.0, blakejs@^1.1.0:
  version "1.1.0"
  resolved "https://registry.yarnpkg.com/blakejs/-/blakejs-1.1.0.tgz#69df92ef953aa88ca51a32df6ab1c54a155fc7a5"
  integrity sha1-ad+S75U6qIylGjLfarHFShVfx6U=

bn.js@^4.11.8, bn.js@^4.4.0:
  version "4.11.9"
  resolved "https://registry.yarnpkg.com/bn.js/-/bn.js-4.11.9.tgz#26d556829458f9d1e81fc48952493d0ba3507828"
  integrity sha512-E6QoYqCKZfgatHTdHzs1RRKP7ip4vvm+EyRUeE2RF0NblwVvb0p6jSVeNTOFxPn26QXN2o6SMfNxKp6kU8zQaw==

bn.js@^5.0.0, bn.js@^5.1.2:
  version "5.1.2"
  resolved "https://registry.yarnpkg.com/bn.js/-/bn.js-5.1.2.tgz#c9686902d3c9a27729f43ab10f9d79c2004da7b0"
  integrity sha512-40rZaf3bUNKTVYu9sIeeEGOg7g14Yvnj9kH7b50EiwX0Q7A6umbvfI5tvHaOERH0XigqKkfLkFQxzb4e6CIXnA==

borc@2.1.1:
  version "2.1.1"
  resolved "https://registry.yarnpkg.com/borc/-/borc-2.1.1.tgz#df1a4ec063b9913f2fff5e07c9377eeeff47914a"
  integrity sha512-vPLLC2/gS0QN4O3cnPh+8jLshkMMD4qIfs+B1TPGPh30WrtcfItaO6j4k9alsqu/hIgKi8dVdmMvTcbq4tIF7A==
  dependencies:
    bignumber.js "^9.0.0"
    commander "^2.15.0"
    ieee754 "^1.1.8"
    iso-url "~0.4.4"
    json-text-sequence "~0.1.0"

borc@^2.1.2:
  version "2.1.2"
  resolved "https://registry.yarnpkg.com/borc/-/borc-2.1.2.tgz#6ce75e7da5ce711b963755117dd1b187f6f8cf19"
  integrity sha512-Sy9eoUi4OiKzq7VovMn246iTo17kzuyHJKomCfpWMlI6RpfN1gk95w7d7gH264nApVLg0HZfcpz62/g4VH1Y4w==
  dependencies:
    bignumber.js "^9.0.0"
    buffer "^5.5.0"
    commander "^2.15.0"
    ieee754 "^1.1.13"
    iso-url "~0.4.7"
    json-text-sequence "~0.1.0"
    readable-stream "^3.6.0"

brorand@^1.0.1:
  version "1.1.0"
  resolved "https://registry.yarnpkg.com/brorand/-/brorand-1.1.0.tgz#12c25efe40a45e3c323eb8675a0a0ce57b22371f"
  integrity sha1-EsJe/kCkXjwyPrhnWgoM5XsiNx8=

bs58@^4.0.0:
  version "4.0.1"
  resolved "https://registry.yarnpkg.com/bs58/-/bs58-4.0.1.tgz#be161e76c354f6f788ae4071f63f34e8c4f0a42a"
  integrity sha1-vhYedsNU9veIrkBx9j806MTwpCo=
  dependencies:
    base-x "^3.0.2"

bs58check@<3.0.0, bs58check@^2.1.1:
  version "2.1.2"
  resolved "https://registry.yarnpkg.com/bs58check/-/bs58check-2.1.2.tgz#53b018291228d82a5aa08e7d796fdafda54aebfc"
  integrity sha512-0TS1jicxdU09dwJMNZtVAfzPi6Q6QeN0pM1Fkzrjn+XYHvzMKPU3pHVpva+769iNVSfIYWf7LJ6WR+BuuMf8cA==
  dependencies:
    bs58 "^4.0.0"
    create-hash "^1.1.0"
    safe-buffer "^5.1.2"

buffer-pipe@0.0.3:
  version "0.0.3"
  resolved "https://registry.yarnpkg.com/buffer-pipe/-/buffer-pipe-0.0.3.tgz#242197681d4591e7feda213336af6c07a5ce2409"
  integrity sha512-GlxfuD/NrKvCNs0Ut+7b1IHjylfdegMBxQIlZHj7bObKVQBxB5S84gtm2yu1mQ8/sSggceWBDPY0cPXgvX2MuA==
  dependencies:
    safe-buffer "^5.1.2"

buffer-writer@2.0.0:
  version "2.0.0"
  resolved "https://registry.yarnpkg.com/buffer-writer/-/buffer-writer-2.0.0.tgz#ce7eb81a38f7829db09c873f2fbb792c0c98ec04"
  integrity sha512-a7ZpuTZU1TRtnwyCNW3I5dc0wWNC3VR9S++Ewyk2HHZdrO3CQJqSpd+95Us590V6AL7JqUAH2IwZ/398PmNFgw==

buffer@^5.4.3, buffer@^5.5.0, buffer@^5.6.0:
  version "5.6.0"
  resolved "https://registry.yarnpkg.com/buffer/-/buffer-5.6.0.tgz#a31749dc7d81d84db08abf937b6b8c4033f62786"
  integrity sha512-/gDYp/UtU0eA1ys8bOs9J6a+E/KWIY+DZ+Q2WESNUA0jFRsJOc0SNUO6xJ5SGA1xueg3NL65W6s+NY5l9cunuw==
  dependencies:
    base64-js "^1.0.2"
    ieee754 "^1.1.4"

cbor@^5.0.2:
  version "5.0.2"
  resolved "https://registry.yarnpkg.com/cbor/-/cbor-5.0.2.tgz#aa8c3820280ebb9f3a45b2a4c66ac344294443de"
  integrity sha512-6JiKVURxxO92FntzTJq54QdN/8fBaBwD7+nNyGIAi1HL9mBgU3YK6ULV8k7WTuT/EwfRsjy3MuqDKlkQMCmfXg==
  dependencies:
    bignumber.js "^9.0.0"
    nofilter "^1.0.3"

cids@^0.8.3, cids@~0.8.0, cids@~0.8.3:
  version "0.8.3"
  resolved "https://registry.yarnpkg.com/cids/-/cids-0.8.3.tgz#aaf48ac8ed857c3d37dad94d8db1d8c9407b92db"
  integrity sha512-yoXTbV3llpm+EBGWKeL9xKtksPE/s6DPoDSY4fn8I8TEW1zehWXPSB0pwAXVDlLaOlrw+sNynj995uD9abmPhA==
  dependencies:
    buffer "^5.6.0"
    class-is "^1.1.0"
    multibase "^1.0.0"
    multicodec "^1.0.1"
    multihashes "^1.0.1"

cipher-base@^1.0.1, cipher-base@^1.0.3:
  version "1.0.4"
  resolved "https://registry.yarnpkg.com/cipher-base/-/cipher-base-1.0.4.tgz#8760e4ecc272f4c363532f926d874aae2c1397de"
  integrity sha512-Kkht5ye6ZGmwv40uUDZztayT2ThLQGfnj/T71N/XzeZeo3nf8foyW7zGTsPYkEya3m5f3cAypH+qe7YOrM1U2Q==
  dependencies:
    inherits "^2.0.1"
    safe-buffer "^5.0.1"

class-is@^1.1.0:
  version "1.1.0"
  resolved "https://registry.yarnpkg.com/class-is/-/class-is-1.1.0.tgz#9d3c0fba0440d211d843cec3dedfa48055005825"
  integrity sha512-rhjH9AG1fvabIDoGRVH587413LPjTZgmDF9fOFCbFJQV4yuocX1mHxxvXI4g3cGwbVY9wAYIoKlg1N79frJKQw==

commander@^2.15.0:
  version "2.20.3"
  resolved "https://registry.yarnpkg.com/commander/-/commander-2.20.3.tgz#fd485e84c03eb4881c20722ba48035e8531aeb33"
  integrity sha512-GpVkmM8vF2vQUkj2LvZmD35JxeJOLCwJ9cUkugyk2nuhbv3+mJvpLYYt+0+USMxE+oj+ey/lJEnhZw75x/OMcQ==

create-hash@^1.1.0, create-hash@^1.1.2, create-hash@^1.2.0:
  version "1.2.0"
  resolved "https://registry.yarnpkg.com/create-hash/-/create-hash-1.2.0.tgz#889078af11a63756bcfb59bd221996be3a9ef196"
  integrity sha512-z00bCGNHDG8mHAkP7CtT1qVu+bFQUPjYq/4Iv3C3kWjTFV10zIjfSoeqXo9Asws8gwSHDGj/hl2u4OGIjapeCg==
  dependencies:
    cipher-base "^1.0.1"
    inherits "^2.0.1"
    md5.js "^1.3.4"
    ripemd160 "^2.0.1"
    sha.js "^2.4.0"

create-hmac@^1.1.4, create-hmac@^1.1.7:
  version "1.1.7"
  resolved "https://registry.yarnpkg.com/create-hmac/-/create-hmac-1.1.7.tgz#69170c78b3ab957147b2b8b04572e47ead2243ff"
  integrity sha512-MJG9liiZ+ogc4TzUwuvbER1JRdgvUFSB5+VR/g5h82fGaIRWMWddtKBHi7/sVhfjQZ6SehlyhvQYrcYkaUIpLg==
  dependencies:
    cipher-base "^1.0.3"
    create-hash "^1.1.0"
    inherits "^2.0.1"
    ripemd160 "^2.0.0"
    safe-buffer "^5.0.1"
    sha.js "^2.4.8"

debug@^4.1.1:
  version "4.1.1"
  resolved "https://registry.yarnpkg.com/debug/-/debug-4.1.1.tgz#3b72260255109c6b589cee050f1d516139664791"
  integrity sha512-pYAIzeRo8J6KPEaJ0VWOh5Pzkbw/RetuzehGM7QRRX5he4fPHx2rdKMB256ehJCkX+XRQm16eZLqLNS8RSZXZw==
  dependencies:
    ms "^2.1.1"

delimit-stream@0.1.0:
  version "0.1.0"
  resolved "https://registry.yarnpkg.com/delimit-stream/-/delimit-stream-0.1.0.tgz#9b8319477c0e5f8aeb3ce357ae305fc25ea1cd2b"
  integrity sha1-m4MZR3wOX4rrPONXrjBfwl6hzSs=

dottie@^2.0.0:
  version "2.0.2"
  resolved "https://registry.yarnpkg.com/dottie/-/dottie-2.0.2.tgz#cc91c0726ce3a054ebf11c55fbc92a7f266dd154"
  integrity sha512-fmrwR04lsniq/uSr8yikThDTrM7epXHBAAjH9TbeH3rEA8tdCO7mRzB9hdmdGyJCxF8KERo9CITcm3kGuoyMhg==

elliptic@^6.4.0, elliptic@^6.5.2:
  version "6.5.3"
  resolved "https://registry.yarnpkg.com/elliptic/-/elliptic-6.5.3.tgz#cb59eb2efdaf73a0bd78ccd7015a62ad6e0f93d6"
  integrity sha512-IMqzv5wNQf+E6aHeIqATs0tOLeOTwj1QKbRcS3jBbYkl5oLAserA8yJTT7/VyHUYG91PRmPyeQDObKLPpeS4dw==
  dependencies:
    bn.js "^4.4.0"
    brorand "^1.0.1"
    hash.js "^1.0.0"
    hmac-drbg "^1.0.0"
    inherits "^2.0.1"
    minimalistic-assert "^1.0.0"
    minimalistic-crypto-utils "^1.0.0"

err-code@^2.0.0:
  version "2.0.3"
  resolved "https://registry.yarnpkg.com/err-code/-/err-code-2.0.3.tgz#23c2f3b756ffdfc608d30e27c9a941024807e7f9"
  integrity sha512-2bmlRpNKBxT/CRmPOlyISQpNj+qSeYvcym/uT0Jx2bMOlKLtSy1ZmLuVxSEKKyor/N5yhvp/ZiG1oE3DEYMSFA==

file-uri-to-path@1.0.0:
  version "1.0.0"
  resolved "https://registry.yarnpkg.com/file-uri-to-path/-/file-uri-to-path-1.0.0.tgz#553a7b8446ff6f684359c445f1e37a05dacc33dd"
  integrity sha512-0Zt+s3L7Vf1biwWZ29aARiVYLx7iMGnEUl9x33fbB/j3jR81u/O2LbqK+Bm1CDSNDKVtJ/YjwY7TUd5SkeLQLw==

hash-base@^3.0.0:
  version "3.1.0"
  resolved "https://registry.yarnpkg.com/hash-base/-/hash-base-3.1.0.tgz#55c381d9e06e1d2997a883b4a3fddfe7f0d3af33"
  integrity sha512-1nmYp/rhMDiE7AYkDw+lLwlAzz0AntGIe51F3RfFfEqyQ3feY2eI/NcwC6umIQVOASPMsWJLJScWKSSvzL9IVA==
  dependencies:
    inherits "^2.0.4"
    readable-stream "^3.6.0"
    safe-buffer "^5.2.0"

hash.js@^1.0.0, hash.js@^1.0.3:
  version "1.1.7"
  resolved "https://registry.yarnpkg.com/hash.js/-/hash.js-1.1.7.tgz#0babca538e8d4ee4a0f8988d68866537a003cf42"
  integrity sha512-taOaskGt4z4SOANNseOviYDvjEJinIkRgmp7LbKP2YTTmVxWBl87s/uzK9r+44BclBSp2X7K1hqeNfz9JbBeXA==
  dependencies:
    inherits "^2.0.3"
    minimalistic-assert "^1.0.1"

hmac-drbg@^1.0.0:
  version "1.0.1"
  resolved "https://registry.yarnpkg.com/hmac-drbg/-/hmac-drbg-1.0.1.tgz#d2745701025a6c775a6c545793ed502fc0c649a1"
  integrity sha1-0nRXAQJabHdabFRXk+1QL8DGSaE=
  dependencies:
    hash.js "^1.0.3"
    minimalistic-assert "^1.0.0"
    minimalistic-crypto-utils "^1.0.1"

ieee754@^1.1.13, ieee754@^1.1.4, ieee754@^1.1.8:
  version "1.1.13"
  resolved "https://registry.yarnpkg.com/ieee754/-/ieee754-1.1.13.tgz#ec168558e95aa181fd87d37f55c32bbcb6708b84"
  integrity sha512-4vf7I2LYV/HaWerSo3XmlMkp5eZ83i+/CDluXi/IGTs/O1sejBNhTtnxzmRZfvOUqj7lZjqHkeTvpgSFDlWZTg==

inflection@1.12.0:
  version "1.12.0"
  resolved "https://registry.yarnpkg.com/inflection/-/inflection-1.12.0.tgz#a200935656d6f5f6bc4dc7502e1aecb703228416"
  integrity sha1-ogCTVlbW9fa8TcdQLhrstwMihBY=

inherits@^2.0.1, inherits@^2.0.3, inherits@^2.0.4:
  version "2.0.4"
  resolved "https://registry.yarnpkg.com/inherits/-/inherits-2.0.4.tgz#0fa2c64f932917c3433a0ded55363aae37416b7c"
  integrity sha512-k/vGaX4/Yla3WzyMCvTQOXYeIHvqOKtnqBduzTHpzpQZzAskKMhZ2K+EnBiSM9zGSoIFeMpXKxa4dYeZIQqewQ==

ipld-dag-cbor@^0.15.3:
  version "0.15.3"
  resolved "https://registry.yarnpkg.com/ipld-dag-cbor/-/ipld-dag-cbor-0.15.3.tgz#283afdb81d5b07db8e4fff7a10ef5e517e87f299"
  integrity sha512-m23nG7ZyoVFnkK55/bLAErc7EfiMgaEQlqHWDTGzPI+O5r6bPfp+qbL5zTVSIT8tpbHmu174dwerVtLoVgeVyA==
  dependencies:
    borc "^2.1.2"
    buffer "^5.5.0"
    cids "~0.8.0"
    is-circular "^1.0.2"
    multicodec "^1.0.0"
    multihashing-async "~0.8.0"

ipld-dag-cbor@^0.16.0:
  version "0.16.0"
  resolved "https://registry.yarnpkg.com/ipld-dag-cbor/-/ipld-dag-cbor-0.16.0.tgz#2f2b54ba46dc64a7cfce107cee7b9b2114034b98"
  integrity sha512-dnmR8Pgt1gGmEXWSf/V3dKDPveGnHsovvAAN7m/WHW5mXsBqYYOStt98K1RhCifbB7vY+IHmpdRhVka0g9DWFQ==
  dependencies:
    borc "^2.1.2"
    buffer "^5.6.0"
    cids "~0.8.3"
    is-circular "^1.0.2"
    multicodec "^1.0.3"
    multihashing-async "^1.0.0"

is-circular@^1.0.2:
  version "1.0.2"
  resolved "https://registry.yarnpkg.com/is-circular/-/is-circular-1.0.2.tgz#2e0ab4e9835f4c6b0ea2b9855a84acd501b8366c"
  integrity sha512-YttjnrswnUYRVJvxCvu8z+PGMUSzC2JttP0OEXezlAEdp3EXzhf7IZ3j0gRAybJBQupedIZFhY61Tga6E0qASA==

iso-url@~0.4.4, iso-url@~0.4.7:
  version "0.4.7"
  resolved "https://registry.yarnpkg.com/iso-url/-/iso-url-0.4.7.tgz#de7e48120dae46921079fe78f325ac9e9217a385"
  integrity sha512-27fFRDnPAMnHGLq36bWTpKET+eiXct3ENlCcdcMdk+mjXrb2kw3mhBUg1B7ewAC0kVzlOPhADzQgz1SE6Tglog==

js-sha3@^0.8.0:
  version "0.8.0"
  resolved "https://registry.yarnpkg.com/js-sha3/-/js-sha3-0.8.0.tgz#b9b7a5da73afad7dedd0f8c463954cbde6818840"
  integrity sha512-gF1cRrHhIzNfToc802P800N8PpXS+evLLXfsVpowqmAFR9uwbi89WvXg2QspOmXL8QL86J4T1EpFu+yUkwJY3Q==

json-text-sequence@~0.1.0:
  version "0.1.1"
  resolved "https://registry.yarnpkg.com/json-text-sequence/-/json-text-sequence-0.1.1.tgz#a72f217dc4afc4629fff5feb304dc1bd51a2f3d2"
  integrity sha1-py8hfcSvxGKf/1/rME3BvVGi89I=
  dependencies:
    delimit-stream "0.1.0"

leb128@0.0.5:
  version "0.0.5"
  resolved "https://registry.yarnpkg.com/leb128/-/leb128-0.0.5.tgz#84524a86ef7799fb3933ce41345f6490e27ac948"
  integrity sha512-elbNtfmu3GndZbesVF6+iQAfVjOXW9bM/aax9WwMlABZW+oK9sbAZEXoewaPHmL34sxa8kVwWsru8cNE/yn2gg==
  dependencies:
    bn.js "^5.0.0"
    buffer-pipe "0.0.3"

lodash@^4.17.15:
  version "4.17.19"
  resolved "https://registry.yarnpkg.com/lodash/-/lodash-4.17.19.tgz#e48ddedbe30b3321783c5b4301fbd353bc1e4a4b"
  integrity sha512-JNvd8XER9GQX0v2qJgsaN/mzFCNA5BRe/j8JN9d+tWyGLSodKQHKFicdwNYzWwI3wjRnaKPsGj1XkBjx/F96DQ==

md5.js@^1.3.4:
  version "1.3.5"
  resolved "https://registry.yarnpkg.com/md5.js/-/md5.js-1.3.5.tgz#b5d07b8e3216e3e27cd728d72f70d1e6a342005f"
  integrity sha512-xitP+WxNPcTTOgnTJcrhM0xvdPepipPSf3I8EIpGKeFLjt3PlJLIDG3u8EX53ZIubkb+5U2+3rELYpEhHhzdkg==
  dependencies:
    hash-base "^3.0.0"
    inherits "^2.0.1"
    safe-buffer "^5.1.2"

minimalistic-assert@^1.0.0, minimalistic-assert@^1.0.1:
  version "1.0.1"
  resolved "https://registry.yarnpkg.com/minimalistic-assert/-/minimalistic-assert-1.0.1.tgz#2e194de044626d4a10e7f7fbc00ce73e83e4d5c7"
  integrity sha512-UtJcAD4yEaGtjPezWuO9wC4nwUnVH/8/Im3yEHQP4b67cXlD/Qr9hdITCU1xDbSEXg2XKNaP8jsReV7vQd00/A==

minimalistic-crypto-utils@^1.0.0, minimalistic-crypto-utils@^1.0.1:
  version "1.0.1"
  resolved "https://registry.yarnpkg.com/minimalistic-crypto-utils/-/minimalistic-crypto-utils-1.0.1.tgz#f6c00c1c0b082246e5c4d99dfb8c7c083b2b582a"
  integrity sha1-9sAMHAsIIkblxNmd+4x8CDsrWCo=

moment-timezone@^0.5.31:
  version "0.5.31"
  resolved "https://registry.yarnpkg.com/moment-timezone/-/moment-timezone-0.5.31.tgz#9c40d8c5026f0c7ab46eda3d63e49c155148de05"
  integrity sha512-+GgHNg8xRhMXfEbv81iDtrVeTcWt0kWmTEY1XQK14dICTXnWJnT0dxdlPspwqF3keKMVPXwayEsk1DI0AA/jdA==
  dependencies:
    moment ">= 2.9.0"

"moment@>= 2.9.0", moment@^2.26.0:
  version "2.27.0"
  resolved "https://registry.yarnpkg.com/moment/-/moment-2.27.0.tgz#8bff4e3e26a236220dfe3e36de756b6ebaa0105d"
  integrity sha512-al0MUK7cpIcglMv3YF13qSgdAIqxHTO7brRtaz3DlSULbqfazqkc5kEjNrLDOM7fsjshoFIihnU8snrP7zUvhQ==

ms@^2.1.1:
  version "2.1.2"
  resolved "https://registry.yarnpkg.com/ms/-/ms-2.1.2.tgz#d09d1f357b443f493382a8eb3ccd183872ae6009"
  integrity sha512-sGkPx+VjMtmA6MX27oA4FBFELFCZZ4S4XqeGOXCv68tT+jb3vk/RyaKWP0PTKyWtmLSM0b+adUTEvbs1PEaH2w==

multibase@^1.0.0, multibase@^1.0.1:
  version "1.0.1"
  resolved "https://registry.yarnpkg.com/multibase/-/multibase-1.0.1.tgz#4adbe1de0be8a1ab0274328b653c3f1903476724"
  integrity sha512-KcCxpBVY8fdVKu4dJMAahq4F/2Z/9xqEjIiR7PiMe7LRGeorFn2NLmicN6nLBCqQvft6MG2Lc9X5P0IdyvnxEw==
  dependencies:
    base-x "^3.0.8"
    buffer "^5.5.0"

multicodec@^1.0.0, multicodec@^1.0.1, multicodec@^1.0.3:
  version "1.0.3"
  resolved "https://registry.yarnpkg.com/multicodec/-/multicodec-1.0.3.tgz#1d2c35140f0bff3afad336613ac53e3dda400e0b"
  integrity sha512-8G4JKbHWSe/39Xx2uiI+/b/S6mGgimzwEN4TOCokFUIfofg1T8eHny88ht9eWImD2dng+EEQRsApXxA5ubhU4g==
  dependencies:
    buffer "^5.6.0"
    varint "^5.0.0"

multihashes@^1.0.1:
  version "1.0.1"
  resolved "https://registry.yarnpkg.com/multihashes/-/multihashes-1.0.1.tgz#a89415d68283cf6287c6e219e304e75ce7fb73fe"
  integrity sha512-S27Tepg4i8atNiFaU5ZOm3+gl3KQlUanLs/jWcBxQHFttgq+5x1OgbQmf2d8axJ/48zYGBd/wT9d723USMFduw==
  dependencies:
    buffer "^5.6.0"
    multibase "^1.0.1"
    varint "^5.0.0"

multihashing-async@^1.0.0:
  version "1.0.0"
  resolved "https://registry.yarnpkg.com/multihashing-async/-/multihashing-async-1.0.0.tgz#578a5dffc0d47caac9b255406eae24f02bff4e55"
  integrity sha512-gRtHjJuULvo2dd9ybIsF+aUEamraAwet/ib3YapWdaP7QWkI8JtN/6EZBhdoqlzSVU7POrC3/rp13Or7zY7x1A==
  dependencies:
    blakejs "^1.1.0"
    buffer "^5.4.3"
    err-code "^2.0.0"
    js-sha3 "^0.8.0"
    multihashes "^1.0.1"
    murmurhash3js-revisited "^3.0.0"

multihashing-async@~0.8.0:
  version "0.8.2"
  resolved "https://registry.yarnpkg.com/multihashing-async/-/multihashing-async-0.8.2.tgz#3d5da05df27d83be923f6d04143a0954ff87f27f"
  integrity sha512-2lKa1autuCy8x7KIEj9aVNbAb3aIMRFYIwN7mq/zD4pxgNIVgGlm+f6GKY4880EOF2Y3GktHYssRy7TAJQ2DyQ==
  dependencies:
    blakejs "^1.1.0"
    buffer "^5.4.3"
    err-code "^2.0.0"
    js-sha3 "^0.8.0"
    multihashes "^1.0.1"
    murmurhash3js-revisited "^3.0.0"

murmurhash3js-revisited@^3.0.0:
  version "3.0.0"
  resolved "https://registry.yarnpkg.com/murmurhash3js-revisited/-/murmurhash3js-revisited-3.0.0.tgz#6bd36e25de8f73394222adc6e41fa3fac08a5869"
  integrity sha512-/sF3ee6zvScXMb1XFJ8gDsSnY+X8PbOyjIuBhtgis10W2Jx4ZjIhikUCIF9c4gpJxVnQIsPAFrSwTCuAjicP6g==

nan@^2.13.2:
  version "2.14.1"
  resolved "https://registry.yarnpkg.com/nan/-/nan-2.14.1.tgz#d7be34dfa3105b91494c3147089315eff8874b01"
  integrity sha512-isWHgVjnFjh2x2yuJ/tj3JbwoHu3UC2dX5G/88Cm24yB6YopVgxvBObDY7n5xW6ExmFhJpSEQqFPvq9zaXc8Jw==

node-addon-api@^2.0.0:
  version "2.0.2"
  resolved "https://registry.yarnpkg.com/node-addon-api/-/node-addon-api-2.0.2.tgz#432cfa82962ce494b132e9d72a15b29f71ff5d32"
  integrity sha512-Ntyt4AIXyaLIuMHF6IOoTakB3K+RWxwtsHNRxllEoA6vPwP9o4866g6YWDLUdnucilZhmkxiHwHr11gAENw+QA==

node-fetch@^2.6.0:
  version "2.6.0"
  resolved "https://registry.yarnpkg.com/node-fetch/-/node-fetch-2.6.0.tgz#e633456386d4aa55863f676a7ab0daa8fdecb0fd"
  integrity sha512-8dG4H5ujfvFiqDmVu9fQ5bOHUC15JMjMY/Zumv26oOvvVJjM67KF8koCWIabKQ1GJIa9r2mMZscBq/TbdOcmNA==

node-gyp-build@^4.2.0:
  version "4.2.2"
  resolved "https://registry.yarnpkg.com/node-gyp-build/-/node-gyp-build-4.2.2.tgz#3f44b65adaafd42fb6c3d81afd630e45c847eb66"
  integrity sha512-Lqh7mrByWCM8Cf9UPqpeoVBBo5Ugx+RKu885GAzmLBVYjeywScxHXPGLa4JfYNZmcNGwzR0Glu5/9GaQZMFqyA==

nofilter@^1.0.3:
  version "1.0.3"
  resolved "https://registry.yarnpkg.com/nofilter/-/nofilter-1.0.3.tgz#34e54b4cc9757de0cad38cc0d19462489b1b7f5d"
  integrity sha512-FlUlqwRK6reQCaFLAhMcF+6VkVG2caYjKQY3YsRDTl4/SEch595Qb3oLjJRDr8dkHAAOVj2pOx3VknfnSgkE5g==

packet-reader@1.0.0:
  version "1.0.0"
  resolved "https://registry.yarnpkg.com/packet-reader/-/packet-reader-1.0.0.tgz#9238e5480dedabacfe1fe3f2771063f164157d74"
  integrity sha512-HAKu/fG3HpHFO0AA8WE8q2g+gBJaZ9MG7fcKk+IJPLTGAD6Psw4443l+9DGRbOIh3/aXr7Phy0TjilYivJo5XQ==

pbkdf2@^3.0.9:
  version "3.1.1"
  resolved "https://registry.yarnpkg.com/pbkdf2/-/pbkdf2-3.1.1.tgz#cb8724b0fada984596856d1a6ebafd3584654b94"
  integrity sha512-4Ejy1OPxi9f2tt1rRV7Go7zmfDQ+ZectEQz3VGUQhgq62HtIRPDyG/JtnwIxs6x3uNMwo2V7q1fMvKjb+Tnpqg==
  dependencies:
    create-hash "^1.1.2"
    create-hmac "^1.1.4"
    ripemd160 "^2.0.1"
    safe-buffer "^5.0.1"
    sha.js "^2.4.8"

pg-connection-string@^2.3.0:
  version "2.3.0"
  resolved "https://registry.yarnpkg.com/pg-connection-string/-/pg-connection-string-2.3.0.tgz#c13fcb84c298d0bfa9ba12b40dd6c23d946f55d6"
  integrity sha512-ukMTJXLI7/hZIwTW7hGMZJ0Lj0S2XQBCJ4Shv4y1zgQ/vqVea+FLhzywvPj0ujSuofu+yA4MYHGZPTsgjBgJ+w==

pg-hstore@^2.3.3:
  version "2.3.3"
  resolved "https://registry.yarnpkg.com/pg-hstore/-/pg-hstore-2.3.3.tgz#d1978c12a85359830b1388d3b0ff233b88928e96"
  integrity sha512-qpeTpdkguFgfdoidtfeTho1Q1zPVPbtMHgs8eQ+Aan05iLmIs3Z3oo5DOZRclPGoQ4i68I1kCtQSJSa7i0ZVYg==
  dependencies:
    underscore "^1.7.0"

pg-int8@1.0.1:
  version "1.0.1"
  resolved "https://registry.yarnpkg.com/pg-int8/-/pg-int8-1.0.1.tgz#943bd463bf5b71b4170115f80f8efc9a0c0eb78c"
  integrity sha512-WCtabS6t3c8SkpDBUlb1kjOs7l66xsGdKpIPZsg4wR+B3+u9UAum2odSsF9tnvxg80h4ZxLWMy4pRjOsFIqQpw==

pg-pool@^3.2.1:
  version "3.2.1"
  resolved "https://registry.yarnpkg.com/pg-pool/-/pg-pool-3.2.1.tgz#5f4afc0f58063659aeefa952d36af49fa28b30e0"
  integrity sha512-BQDPWUeKenVrMMDN9opfns/kZo4lxmSWhIqo+cSAF7+lfi9ZclQbr9vfnlNaPr8wYF3UYjm5X0yPAhbcgqNOdA==

pg-protocol@^1.2.5:
  version "1.2.5"
  resolved "https://registry.yarnpkg.com/pg-protocol/-/pg-protocol-1.2.5.tgz#28a1492cde11646ff2d2d06bdee42a3ba05f126c"
  integrity sha512-1uYCckkuTfzz/FCefvavRywkowa6M5FohNMF5OjKrqo9PSR8gYc8poVmwwYQaBxhmQdBjhtP514eXy9/Us2xKg==

pg-types@^2.1.0:
  version "2.2.0"
  resolved "https://registry.yarnpkg.com/pg-types/-/pg-types-2.2.0.tgz#2d0250d636454f7cfa3b6ae0382fdfa8063254a3"
  integrity sha512-qTAAlrEsl8s4OiEQY69wDvcMIdQN6wdz5ojQiOy6YRMuynxenON0O5oCpJI6lshc6scgAY8qvJ2On/p+CXY0GA==
  dependencies:
    pg-int8 "1.0.1"
    postgres-array "~2.0.0"
    postgres-bytea "~1.0.0"
    postgres-date "~1.0.4"
    postgres-interval "^1.1.0"

pg@^8.3.0:
  version "8.3.0"
  resolved "https://registry.yarnpkg.com/pg/-/pg-8.3.0.tgz#941383300d38eef51ecb88a0188cec441ab64d81"
  integrity sha512-jQPKWHWxbI09s/Z9aUvoTbvGgoj98AU7FDCcQ7kdejupn/TcNpx56v2gaOTzXkzOajmOEJEdi9eTh9cA2RVAjQ==
  dependencies:
    buffer-writer "2.0.0"
    packet-reader "1.0.0"
    pg-connection-string "^2.3.0"
    pg-pool "^3.2.1"
    pg-protocol "^1.2.5"
    pg-types "^2.1.0"
    pgpass "1.x"
    semver "4.3.2"

pgpass@1.x:
  version "1.0.2"
  resolved "https://registry.yarnpkg.com/pgpass/-/pgpass-1.0.2.tgz#2a7bb41b6065b67907e91da1b07c1847c877b306"
  integrity sha1-Knu0G2BltnkH6R2hsHwYR8h3swY=
  dependencies:
    split "^1.0.0"

postgres-array@~2.0.0:
  version "2.0.0"
  resolved "https://registry.yarnpkg.com/postgres-array/-/postgres-array-2.0.0.tgz#48f8fce054fbc69671999329b8834b772652d82e"
  integrity sha512-VpZrUqU5A69eQyW2c5CA1jtLecCsN2U/bD6VilrFDWq5+5UIEVO7nazS3TEcHf1zuPYO/sqGvUvW62g86RXZuA==

postgres-bytea@~1.0.0:
  version "1.0.0"
  resolved "https://registry.yarnpkg.com/postgres-bytea/-/postgres-bytea-1.0.0.tgz#027b533c0aa890e26d172d47cf9ccecc521acd35"
  integrity sha1-AntTPAqokOJtFy1Hz5zOzFIazTU=

postgres-date@~1.0.4:
  version "1.0.5"
  resolved "https://registry.yarnpkg.com/postgres-date/-/postgres-date-1.0.5.tgz#710b27de5f27d550f6e80b5d34f7ba189213c2ee"
  integrity sha512-pdau6GRPERdAYUQwkBnGKxEfPyhVZXG/JiS44iZWiNdSOWE09N2lUgN6yshuq6fVSon4Pm0VMXd1srUUkLe9iA==

postgres-interval@^1.1.0:
  version "1.2.0"
  resolved "https://registry.yarnpkg.com/postgres-interval/-/postgres-interval-1.2.0.tgz#b460c82cb1587507788819a06aa0fffdb3544695"
  integrity sha512-9ZhXKM/rw350N1ovuWHbGxnGh/SNJ4cnxHiM0rxE4VN41wsg8P8zWn9hv/buK00RP4WvlOyr/RBDiptyxVbkZQ==
  dependencies:
    xtend "^4.0.0"

randombytes@^2.0.1:
  version "2.1.0"
  resolved "https://registry.yarnpkg.com/randombytes/-/randombytes-2.1.0.tgz#df6f84372f0270dc65cdf6291349ab7a473d4f2a"
  integrity sha512-vYl3iOX+4CKUWuxGi9Ukhie6fsqXqS9FE2Zaic4tNFD2N2QQaXOMFbuKK4QmDHC0JO6B1Zp41J0LpT0oR68amQ==
  dependencies:
    safe-buffer "^5.1.0"

readable-stream@^3.6.0:
  version "3.6.0"
  resolved "https://registry.yarnpkg.com/readable-stream/-/readable-stream-3.6.0.tgz#337bbda3adc0706bd3e024426a286d4b4b2c9198"
  integrity sha512-BViHy7LKeTz4oNnkcLJ+lVSL6vpiFeX6/d3oSH8zCW7UxP2onchk+vTGB143xuFjHS3deTgkKoXXymXqymiIdA==
  dependencies:
    inherits "^2.0.3"
    string_decoder "^1.1.1"
    util-deprecate "^1.0.1"

retry-as-promised@^3.2.0:
  version "3.2.0"
  resolved "https://registry.yarnpkg.com/retry-as-promised/-/retry-as-promised-3.2.0.tgz#769f63d536bec4783549db0777cb56dadd9d8543"
  integrity sha512-CybGs60B7oYU/qSQ6kuaFmRd9sTZ6oXSc0toqePvV74Ac6/IFZSI1ReFQmtCN+uvW1Mtqdwpvt/LGOiCBAY2Mg==
  dependencies:
    any-promise "^1.3.0"

ripemd160@^2.0.0, ripemd160@^2.0.1:
  version "2.0.2"
  resolved "https://registry.yarnpkg.com/ripemd160/-/ripemd160-2.0.2.tgz#a1c1a6f624751577ba5d07914cbc92850585890c"
  integrity sha512-ii4iagi25WusVoiC4B4lq7pbXfAp3D9v5CwfkY33vffw2+pkDjY1D8GaN7spsxvCSx8dkPqOZCEZyfxcmJG2IA==
  dependencies:
    hash-base "^3.0.0"
    inherits "^2.0.1"

safe-buffer@^5.0.1, safe-buffer@^5.1.0, safe-buffer@^5.1.2, safe-buffer@^5.2.0, safe-buffer@~5.2.0:
  version "5.2.1"
  resolved "https://registry.yarnpkg.com/safe-buffer/-/safe-buffer-5.2.1.tgz#1eaf9fa9bdb1fdd4ec75f58f9cdb4e6b7827eec6"
  integrity sha512-rp3So07KcdmmKbGvgaNxQSJr7bGVSVk5S9Eq1F+ppbRo70+YeaDxkw5Dd8NPN+GD6bjnYm2VuPuCXmpuYvmCXQ==

secp256k1@^4.0.1:
  version "4.0.1"
  resolved "https://registry.yarnpkg.com/secp256k1/-/secp256k1-4.0.1.tgz#b9570ca26ace9e74c3171512bba253da9c0b6d60"
  integrity sha512-iGRjbGAKfXMqhtdkkuNxsgJQfJO8Oo78Rm7DAvsG3XKngq+nJIOGqrCSXcQqIVsmCj0wFanE5uTKFxV3T9j2wg==
  dependencies:
    elliptic "^6.5.2"
    node-addon-api "^2.0.0"
    node-gyp-build "^4.2.0"

semver@4.3.2:
  version "4.3.2"
  resolved "https://registry.yarnpkg.com/semver/-/semver-4.3.2.tgz#c7a07158a80bedd052355b770d82d6640f803be7"
  integrity sha1-x6BxWKgL7dBSNVt3DYLWZA+AO+c=

semver@^7.3.2:
  version "7.3.2"
  resolved "https://registry.yarnpkg.com/semver/-/semver-7.3.2.tgz#604962b052b81ed0786aae84389ffba70ffd3938"
  integrity sha512-OrOb32TeeambH6UrhtShmF7CRDqhL6/5XpPNp2DuRH6+9QLw/orhp72j87v8Qa1ScDkvrrBNpZcDejAirJmfXQ==

sequelize-pool@^6.0.0:
  version "6.1.0"
  resolved "https://registry.yarnpkg.com/sequelize-pool/-/sequelize-pool-6.1.0.tgz#caaa0c1e324d3c2c3a399fed2c7998970925d668"
  integrity sha512-4YwEw3ZgK/tY/so+GfnSgXkdwIJJ1I32uZJztIEgZeAO6HMgj64OzySbWLgxj+tXhZCJnzRfkY9gINw8Ft8ZMg==

sequelize@^6.3.3:
  version "6.3.3"
  resolved "https://registry.yarnpkg.com/sequelize/-/sequelize-6.3.3.tgz#930ab26f9e928d9bf2fe1fe477b428a092fef063"
  integrity sha512-WO/b1ehjSFKlBCHzwZoaPhoW3WyXXy9x74yPrOP8NpE67wzbv0dIucDO4a+THLVyl3lnv3nFMZdJRdkUgb/ZAw==
  dependencies:
    debug "^4.1.1"
    dottie "^2.0.0"
    inflection "1.12.0"
    lodash "^4.17.15"
    moment "^2.26.0"
    moment-timezone "^0.5.31"
    retry-as-promised "^3.2.0"
    semver "^7.3.2"
    sequelize-pool "^6.0.0"
    toposort-class "^1.0.1"
    uuid "^8.1.0"
    validator "^10.11.0"
    wkx "^0.5.0"

sha.js@^2.4.0, sha.js@^2.4.8:
  version "2.4.11"
  resolved "https://registry.yarnpkg.com/sha.js/-/sha.js-2.4.11.tgz#37a5cf0b81ecbc6943de109ba2960d1b26584ae7"
  integrity sha512-QMEp5B7cftE7APOjk5Y6xgrbWu+WkLVQwk8JNjZ8nKRciZaByEW6MubieAiToS7+dwvrjGhH8jRXz3MVd0AYqQ==
  dependencies:
    inherits "^2.0.1"
    safe-buffer "^5.0.1"

split@^1.0.0:
  version "1.0.1"
  resolved "https://registry.yarnpkg.com/split/-/split-1.0.1.tgz#605bd9be303aa59fb35f9229fbea0ddec9ea07d9"
  integrity sha512-mTyOoPbrivtXnwnIxZRFYRrPNtEFKlpB2fvjSnCQUiAA6qAZzqwna5envK4uk6OIeP17CsdF3rSBGYVBsU0Tkg==
  dependencies:
    through "2"

string_decoder@^1.1.1:
  version "1.3.0"
  resolved "https://registry.yarnpkg.com/string_decoder/-/string_decoder-1.3.0.tgz#42f114594a46cf1a8e30b0a84f56c78c3edac21e"
  integrity sha512-hkRX8U1WjJFd8LsDJ2yQ/wWWxaopEsABU1XfkM8A+j0+85JAGppt16cr1Whg6KIbb4okU6Mql6BOj+uup/wKeA==
  dependencies:
    safe-buffer "~5.2.0"

through@2:
  version "2.3.8"
  resolved "https://registry.yarnpkg.com/through/-/through-2.3.8.tgz#0dd4c9ffaabc357960b1b724115d7e0e86a2e1f5"
  integrity sha1-DdTJ/6q8NXlgsbckEV1+Doai4fU=

tiny-secp256k1@^1.1.3:
  version "1.1.5"
  resolved "https://registry.yarnpkg.com/tiny-secp256k1/-/tiny-secp256k1-1.1.5.tgz#3dc37b9bf0fa5b4390b9fa29e953228810cebc18"
  integrity sha512-duE2hSLSQIpHGzmK48OgRrGTi+4OTkXLC6aa86uOYQ6LLCYZSarVKIAvEtY7MoXjoL6bOXMSerEGMzrvW4SkDw==
  dependencies:
    bindings "^1.3.0"
    bn.js "^4.11.8"
    create-hmac "^1.1.7"
    elliptic "^6.4.0"
    nan "^2.13.2"

toposort-class@^1.0.1:
  version "1.0.1"
  resolved "https://registry.yarnpkg.com/toposort-class/-/toposort-class-1.0.1.tgz#7ffd1f78c8be28c3ba45cd4e1a3f5ee193bd9988"
  integrity sha1-f/0feMi+KMO6Rc1OGj9e4ZO9mYg=

typeforce@^1.11.5:
  version "1.18.0"
  resolved "https://registry.yarnpkg.com/typeforce/-/typeforce-1.18.0.tgz#d7416a2c5845e085034d70fcc5b6cc4a90edbfdc"
  integrity sha512-7uc1O8h1M1g0rArakJdf0uLRSSgFcYexrVoKo+bzJd32gd4gDy2L/Z+8/FjPnU9ydY3pEnVPtr9FyscYY60K1g==

underscore@^1.7.0:
  version "1.10.2"
  resolved "https://registry.yarnpkg.com/underscore/-/underscore-1.10.2.tgz#73d6aa3668f3188e4adb0f1943bd12cfd7efaaaf"
  integrity sha512-N4P+Q/BuyuEKFJ43B9gYuOj4TQUHXX+j2FqguVOpjkssLUUrnJofCcBccJSCoeturDoZU6GorDTHSvUDlSQbTg==

util-deprecate@^1.0.1:
  version "1.0.2"
  resolved "https://registry.yarnpkg.com/util-deprecate/-/util-deprecate-1.0.2.tgz#450d4dc9fa70de732762fbd2d4a28981419a0ccf"
  integrity sha1-RQ1Nyfpw3nMnYvvS1KKJgUGaDM8=

uuid@^8.1.0:
  version "8.2.0"
  resolved "https://registry.yarnpkg.com/uuid/-/uuid-8.2.0.tgz#cb10dd6b118e2dada7d0cd9730ba7417c93d920e"
  integrity sha512-CYpGiFTUrmI6OBMkAdjSDM0k5h8SkkiTP4WAjQgDgNB1S3Ou9VBEvr6q0Kv2H1mMk7IWfxYGpMH5sd5AvcIV2Q==

validator@^10.11.0:
  version "10.11.0"
  resolved "https://registry.yarnpkg.com/validator/-/validator-10.11.0.tgz#003108ea6e9a9874d31ccc9e5006856ccd76b228"
  integrity sha512-X/p3UZerAIsbBfN/IwahhYaBbY68EN/UQBWHtsbXGT5bfrH/p4NQzUCG1kF/rtKaNpnJ7jAu6NGTdSNtyNIXMw==

varint@^5.0.0:
  version "5.0.0"
  resolved "https://registry.yarnpkg.com/varint/-/varint-5.0.0.tgz#d826b89f7490732fabc0c0ed693ed475dcb29ebf"
  integrity sha1-2Ca4n3SQcy+rwMDtaT7Uddyynr8=

wif@^2.0.6:
  version "2.0.6"
  resolved "https://registry.yarnpkg.com/wif/-/wif-2.0.6.tgz#08d3f52056c66679299726fade0d432ae74b4704"
  integrity sha1-CNP1IFbGZnkplyb63g1DKudLRwQ=
  dependencies:
    bs58check "<3.0.0"

wkx@^0.5.0:
  version "0.5.0"
  resolved "https://registry.yarnpkg.com/wkx/-/wkx-0.5.0.tgz#c6c37019acf40e517cc6b94657a25a3d4aa33e8c"
  integrity sha512-Xng/d4Ichh8uN4l0FToV/258EjMGU9MGcA0HV2d9B/ZpZB3lqQm7nkOdZdm5GhKtLLhAE7PiVQwN4eN+2YJJUg==
  dependencies:
    "@types/node" "*"

ws@^7.3.0:
  version "7.3.1"
  resolved "https://registry.yarnpkg.com/ws/-/ws-7.3.1.tgz#d0547bf67f7ce4f12a72dfe31262c68d7dc551c8"
  integrity sha512-D3RuNkynyHmEJIpD2qrgVkc9DQ23OrN/moAwZX4L8DfvszsJxpjQuUq3LMx6HoYji9fbIOBY18XWBsAux1ZZUA==

xtend@^4.0.0:
  version "4.0.2"
  resolved "https://registry.yarnpkg.com/xtend/-/xtend-4.0.2.tgz#bb72779f5fa465186b1f438f674fa347fdb5db54"
  integrity sha512-LKYU1iAXJXUgAXn9URjiu+MWhyUXHsvfp7mcuYm9dSUKK0/CjtrUwFAxD82/mCWbtLsGjFIad0wIsod4zrTAEQ==
